
Microsoft Visual Studio Solution File, Format Version 12.00
# Visual Studio Version 16
VisualStudioVersion = 16.0.34114.132
MinimumVisualStudioVersion = 10.0.40219.1
Project("{FAE04EC0-301F-11D3-BF4B-00C04F79EFBC}") = "Muhametshin41razmer", "Muhametshin41razmer.csproj", "{B100699A-EB7E-4D27-A857-F014D31119EC}"
EndProject
Global
	GlobalSection(SolutionConfigurationPlatforms) = preSolution
		Debug|Any CPU = Debug|Any CPU
		Release|Any CPU = Release|Any CPU
	EndGlobalSection
	GlobalSection(ProjectConfigurationPlatforms) = postSolution
		{B100699A-EB7E-4D27-A857-F014D31119EC}.Debug|Any CPU.ActiveCfg = Debug|Any CPU
		{B100699A-EB7E-4D27-A857-F014D31119EC}.Debug|Any CPU.Build.0 = Debug|Any CPU
		{B100699A-EB7E-4D27-A857-F014D31119EC}.Release|Any CPU.ActiveCfg = Release|Any CPU
		{B100699A-EB7E-4D27-A857-F014D31119EC}.Release|Any CPU.Build.0 = Release|Any CPU
	EndGlobalSection
	GlobalSection(SolutionProperties) = preSolution
		HideSolutionNode = FALSE
	EndGlobalSection
	GlobalSection(ExtensibilityGlobals) = postSolution
		SolutionGuid = {657ADE0F-01E5-46E7-BF29-553A34C4CBD1}
	EndGlobalSection
EndGlobal
